{
  "name": "data-gen",
  "version": "1.0.0",
  "lockfileVersion": 3,
  "requires": true,
  "packages": {
    "": {
      "name": "data-gen",
      "version": "1.0.0",
      "license": "ISC",
      "dependencies": {
        "admdongkor": "^0.4.0",
        "polylabel": "^2.1.0",
        "topojson-client": "^3.1.0",
        "topojson-server": "^3.0.1"
      }
    },
    "node_modules/admdongkor": {
      "version": "0.4.0",
      "resolved": "https://registry.npmjs.org/admdongkor/-/admdongkor-0.4.0.tgz",
      "integrity": "sha512-rP452yN7RoaUyCrnIma1XbB5Qu23kmeU7vehZNT3CDklyeU6RnH6HLbECsOOb3yrMGT7/M47EWdEOKQlUcMbtg==",
      "license": "MIT",
      "dependencies": {
        "hyparquet": "^1.10.0",
        "hyparquet-compressors": "^1.1.0"
      },
      "engines": {
        "node": ">=18"
      }
    },
    "node_modules/commander": {
      "version": "2.20.3",
      "resolved": "https://registry.npmjs.org/commander/-/commander-2.20.3.tgz",
      "integrity": "sha512-GpVkmM8vF2vQUkj2LvZmD35JxeJOLCwJ9cUkugyk2nuhbv3+mJvpLYYt+0+USMxE+oj+ey/lJEnhZw75x/OMcQ==",
      "license": "MIT"
    },
    "node_modules/fzstd": {
      "version": "0.1.1",
      "resolved": "https://registry.npmjs.org/fzstd/-/fzstd-0.1.1.tgz",
      "integrity": "sha512-dkuVSOKKwh3eas5VkJy1AW1vFpet8TA/fGmVA5krThl8YcOVE/8ZIoEA1+U1vEn5ckxxhLirSdY837azmbaNHA==",
      "license": "MIT"
    },
    "node_modules/hyparquet": {
      "version": "1.26.2",
      "resolved": "https://registry.npmjs.org/hyparquet/-/hyparquet-1.26.2.tgz",
      "integrity": "sha512-6qjyK7R2tZ4vnYP1J8NpcCeDPK1UIYk3xh5XgtQUnUM1iwkYbvI6Mz3xtmpMd6AfCCeoUoJVbEq29k5GReZRWA==",
      "license": "MIT"
    },
    "node_modules/hyparquet-compressors": {
      "version": "1.1.1",
      "resolved": "https://registry.npmjs.org/hyparquet-compressors/-/hyparquet-compressors-1.1.1.tgz",
      "integrity": "sha512-yx7aA3Rhj0YycbdV71+XznQSLAefa4cT0urpgNXy4aM6eSeCknaVDNne8y45Uz74Fb15yyXUzOStlceOJBan7A==",
      "license": "MIT",
      "dependencies": {
        "fzstd": "0.1.1",
        "hysnappy": "1.0.0"
      }
    },
    "node_modules/hysnappy": {
      "version": "1.0.0",
      "resolved": "https://registry.npmjs.org/hysnappy/-/hysnappy-1.0.0.tgz",
      "integrity": "sha512-MNrC4NfwDGPb889O6gIfEtbvEZCSWUsSEhsz4Oq2FRcpGtXHfeVz3KciSPp5Pnnz1NjFMgDQNfxdJozymJEDDA==",
      "license": "MIT"
    },
    "node_modules/polylabel": {
      "version": "2.1.0",
      "resolved": "https://registry.npmjs.org/polylabel/-/polylabel-2.1.0.tgz",
      "integrity": "sha512-ZCL9pc/BpnyBB1Es5Eh6baziBhZFS0fTlEXGarLMqbMYbAyawqGAjyo2+MfignMggSubmllMgRGcR0L0liOugg==",
      "license": "ISC",
      "dependencies": {
        "tinyqueue": "^3.0.0"
      }
    },
    "node_modules/tinyqueue": {
      "version": "3.0.0",
      "resolved": "https://registry.npmjs.org/tinyqueue/-/tinyqueue-3.0.0.tgz",
      "integrity": "sha512-gRa9gwYU3ECmQYv3lslts5hxuIa90veaEcxDYuu3QGOIAEM2mOZkVHp48ANJuu1CURtRdHKUBY5Lm1tHV+sD4g==",
      "license": "ISC"
    },
    "node_modules/topojson-client": {
      "version": "3.1.0",
      "resolved": "https://registry.npmjs.org/topojson-client/-/topojson-client-3.1.0.tgz",
      "integrity": "sha512-605uxS6bcYxGXw9qi62XyrV6Q3xwbndjachmNxu8HWTtVPxZfEJN9fd/SZS1Q54Sn2y0TMyMxFj/cJINqGHrKw==",
      "license": "ISC",
      "dependencies": {
        "commander": "2"
      },
      "bin": {
        "topo2geo": "bin/topo2geo",
        "topomerge": "bin/topomerge",
        "topoquantize": "bin/topoquantize"
      }
    },
    "node_modules/topojson-server": {
      "version": "3.0.1",
      "resolved": "https://registry.npmjs.org/topojson-server/-/topojson-server-3.0.1.tgz",
      "integrity": "sha512-/VS9j/ffKr2XAOjlZ9CgyyeLmgJ9dMwq6Y0YEON8O7p/tGGk+dCWnrE03zEdu7i4L7YsFZLEPZPzCvcB7lEEXw==",
      "license": "ISC",
      "dependencies": {
        "commander": "2"
      },
      "bin": {
        "geo2topo": "bin/geo2topo"
      }
    }
  }
}
